
Microsoft Visual Studio Solution File, Format Version 12.00
# Visual Studio Version 17
VisualStudioVersion = 17.10.35013.160
MinimumVisualStudioVersion = 10.0.40219.1
Project("{FAE04EC0-301F-11D3-BF4B-00C04F79EFBC}") = "tienda 2.1.1", "tienda 2.1.1.csproj", "{45A91083-D0BA-48C6-95DA-A6E91D813F4B}"
EndProject
Global
	GlobalSection(SolutionConfigurationPlatforms) = preSolution
		Debug|Any CPU = Debug|Any CPU
		Release|Any CPU = Release|Any CPU
	EndGlobalSection
	GlobalSection(ProjectConfigurationPlatforms) = postSolution
		{45A91083-D0BA-48C6-95DA-A6E91D813F4B}.Debug|Any CPU.ActiveCfg = Debug|Any CPU
		{45A91083-D0BA-48C6-95DA-A6E91D813F4B}.Debug|Any CPU.Build.0 = Debug|Any CPU
		{45A91083-D0BA-48C6-95DA-A6E91D813F4B}.Release|Any CPU.ActiveCfg = Release|Any CPU
		{45A91083-D0BA-48C6-95DA-A6E91D813F4B}.Release|Any CPU.Build.0 = Release|Any CPU
	EndGlobalSection
	GlobalSection(SolutionProperties) = preSolution
		HideSolutionNode = FALSE
	EndGlobalSection
	GlobalSection(ExtensibilityGlobals) = postSolution
		SolutionGuid = {DCA2D6CA-7511-478E-899B-32AD45CAFB01}
	EndGlobalSection
EndGlobal
